// !$*UTF8*$!
{
	archiveVersion = 1;
	classes = {
	};
	objectVersion = 46;
	objects = {

/* Begin PBXBuildFile section */
		69B9AD041F27C3AE0080A8E2 /* AppDelegate.swift in Sources */ = {isa = PBXBuildFile; fileRef = 69B9AD031F27C3AE0080A8E2 /* AppDelegate.swift */; };
		69B9AD061F27C3AE0080A8E2 /* ViewController.swift in Sources */ = {isa = PBXBuildFile; fileRef = 69B9AD051F27C3AE0080A8E2 /* ViewController.swift */; };
		69B9AD091F27C3AE0080A8E2 /* Main.storyboard in Resources */ = {isa = PBXBuildFile; fileRef = 69B9AD071F27C3AE0080A8E2 /* Main.storyboard */; };
		69B9AD0B1F27C3AE0080A8E2 /* Assets.xcassets in Resources */ = {isa = PBXBuildFile; fileRef = 69B9AD0A1F27C3AE0080A8E2 /* Assets.xcassets */; };
		69B9AD0E1F27C3AE0080A8E2 /* LaunchScreen.storyboard in Resources */ = {isa = PBXBuildFile; fileRef = 69B9AD0C1F27C3AE0080A8E2 /* LaunchScreen.storyboard */; };
		69B9AD161F27C4F60080A8E2 /* 2554824405_667c082ded_o.jpg in Resources */ = {isa = PBXBuildFile; fileRef = 69B9AD151F27C4F60080A8E2 /* 2554824405_667c082ded_o.jpg */; };
/* End PBXBuildFile section */

/* Begin PBXFileReference section */
		69B9AD001F27C3AE0080A8E2 /* HamsterYears2.app */ = {isa = PBXFileReference; explicitFileType = wrapper.application; includeInIndex = 0; path = HamsterYears2.app; sourceTree = BUILT_PRODUCTS_DIR; };
		69B9AD031F27C3AE0080A8E2 /* AppDelegate.swift */ = {isa = PBXFileReference; lastKnownFileType = sourcecode.swift; path = AppDelegate.swift; sourceTree = "<group>"; };
		69B9AD051F27C3AE0080A8E2 /* ViewController.swift */ = {isa = PBXFileReference; lastKnownFileType = sourcecode.swift; path = ViewController.swift; sourceTree = "<group>"; };
		69B9AD081F27C3AE0080A8E2 /* Base */ = {isa = PBXFileReference; lastKnownFileType = file.storyboard; name = Base; path = Base.lproj/Main.storyboard; sourceTree = "<group>"; };
		69B9AD0A1F27C3AE0080A8E2 /* Assets.xcassets */ = {isa = PBXFileReference; lastKnownFileType = folder.assetcatalog; path = Assets.xcassets; sourceTree = "<group>"; };
		69B9AD0D1F27C3AE0080A8E2 /* Base */ = {isa = PBXFileReference; lastKnownFileType = file.storyboard; name = Base; path = Base.lproj/LaunchScreen.storyboard; sourceTree = "<group>"; };
		69B9AD0F1F27C3AE0080A8E2 /* Info.plist */ = {isa = PBXFileReference; lastKnownFileType = text.plist.xml; path = Info.plist; sourceTree = "<group>"; };
		69B9AD151F27C4F60080A8E2 /* 2554824405_667c082ded_o.jpg */ = {isa = PBXFileReference; lastKnownFileType = image.jpeg; path = 2554824405_667c082ded_o.jpg; sourceTree = "<group>"; };
/* End PBXFileReference section */

/* Begin PBXFrameworksBuildPhase section */
		69B9ACFD1F27C3AE0080A8E2 /* Frameworks */ = {
			isa = PBXFrameworksBuildPhase;
			buildActionMask = 2147483647;
			files = (
			);
			runOnlyForDeploymentPostprocessing = 0;
		};
/* End PBXFrameworksBuildPhase section */

/* Begin PBXGroup section */
		69B9ACF71F27C3AE0080A8E2 = {
			isa = PBXGroup;
			children = (
				69B9AD021F27C3AE0080A8E2 /* HamsterYears2 */,
				69B9AD011F27C3AE0080A8E2 /* Products */,
			);
			sourceTree = "<group>";
		};
		69B9AD011F27C3AE0080A8E2 /* Products */ = {
			isa = PBXGroup;
			children = (
				69B9AD001F27C3AE0080A8E2 /* HamsterYears2.app */,
			);
			name = Products;
			sourceTree = "<group>";
		};
		69B9AD021F27C3AE0080A8E2 /* HamsterYears2 */ = {
			isa = PBXGroup;
			children = (
				69B9AD031F27C3AE0080A8E2 /* AppDelegate.swift */,
				69B9AD051F27C3AE0080A8E2 /* ViewController.swift */,
				69B9AD071F27C3AE0080A8E2 /* Main.storyboard */,
				69B9AD151F27C4F60080A8E2 /* 2554824405_667c082ded_o.jpg */,
				69B9AD0A1F27C3AE0080A8E2 /* Assets.xcassets */,
				69B9AD0C1F27C3AE0080A8E2 /* LaunchScreen.storyboard */,
				69B9AD0F1F27C3AE0080A8E2 /* Info.plist */,
			);
			path = HamsterYears2;
			sourceTree = "<group>";
		};
/* End PBXGroup section */

/* Begin PBXNativeTarget section */
		69B9ACFF1F27C3AE0080A8E2 /* HamsterYears2 */ = {
			isa = PBXNativeTarget;
			buildConfigurationList = 69B9AD121F27C3AE0080A8E2 /* Build configuration list for PBXNativeTarget "HamsterYears2" */;
			buildPhases = (
				69B9ACFC1F27C3AE0080A8E2 /* Sources */,
				69B9ACFD1F27C3AE0080A8E2 /* Frameworks */,
				69B9ACFE1F27C3AE0080A8E2 /* Resources */,
			);
			buildRules = (
			);
			dependencies = (
			);
			name = HamsterYears2;
			productName = HamsterYears2;
			productReference = 69B9AD001F27C3AE0080A8E2 /* HamsterYears2.app */;
			productType = "com.apple.product-type.application";
		};
/* End PBXNativeTarget section */

/* Begin PBXProject section */
		69B9ACF81F27C3AE0080A8E2 /* Project object */ = {
			isa = PBXProject;
			attributes = {
				LastSwiftUpdateCheck = 0830;
				LastUpgradeCheck = 0830;
				ORGANIZATIONNAME = ttompkins;
				TargetAttributes = {
					69B9ACFF1F27C3AE0080A8E2 = {
						CreatedOnToolsVersion = 8.3.3;
						ProvisioningStyle = Automatic;
					};
				};
			};
			buildConfigurationList = 69B9ACFB1F27C3AE0080A8E2 /* Build configuration list for PBXProject "HamsterYears2" */;
			compatibilityVersion = "Xcode 3.2";
			developmentRegion = English;
			hasScannedForEncodings = 0;
			knownRegions = (
				en,
				Base,
			);
			mainGroup = 69B9ACF71F27C3AE0080A8E2;
			productRefGroup = 69B9AD011F27C3AE0080A8E2 /* Products */;
			projectDirPath = "";
			projectRoot = "";
			targets = (
				69B9ACFF1F27C3AE0080A8E2 /* HamsterYears2 */,
			);
		};
/* End PBXProject section */

/* Begin PBXResourcesBuildPhase section */
		69B9ACFE1F27C3AE0080A8E2 /* Resources */ = {
			isa = PBXResourcesBuildPhase;
			buildActionMask = 2147483647;
			files = (
				69B9AD0E1F27C3AE0080A8E2 /* LaunchScreen.storyboard in Resources */,
				69B9AD0B1F27C3AE0080A8E2 /* Assets.xcassets in Resources */,
				69B9AD091F27C3AE0080A8E2 /* Main.storyboard in Resources */,
				69B9AD161F27C4F60080A8E2 /* 2554824405_667c082ded_o.jpg in Resources */,
			);
			runOnlyForDeploymentPostprocessing = 0;
		};
/* End PBXResourcesBuildPhase section */

/* Begin PBXSourcesBuildPhase section */
		69B9ACFC1F27C3AE0080A8E2 /* Sources */ = {
			isa = PBXSourcesBuildPhase;
			buildActionMask = 2147483647;
			files = (
				69B9AD061F27C3AE0080A8E2 /* ViewController.swift in Sources */,
				69B9AD041F27C3AE0080A8E2 /* AppDelegate.swift in Sources */,
			);
			runOnlyForDeploymentPostprocessing = 0;
		};
/* End PBXSourcesBuildPhase section */

/* Begin PBXVariantGroup section */
		69B9AD071F27C3AE0080A8E2 /* Main.storyboard */ = {
			isa = PBXVariantGroup;
			children = (
				69B9AD081F27C3AE0080A8E2 /* Base */,
			);
			name = Main.storyboard;
			sourceTree = "<group>";
		};
		69B9AD0C1F27C3AE0080A8E2 /* LaunchScreen.storyboard */ = {
			isa = PBXVariantGroup;
			children = (
				69B9AD0D1F27C3AE0080A8E2 /* Base */,
			);
			name = LaunchScreen.storyboard;
			sourceTree = "<group>";
		};
/* End PBXVariantGroup section */

/* Begin XCBuildConfiguration section */
		69B9AD101F27C3AE0080A8E2 /* Debug */ = {
			isa = XCBuildConfiguration;
			buildSettings = {
				ALWAYS_SEARCH_USER_PATHS = NO;
				CLANG_ANALYZER_NONNULL = YES;
				CLANG_ANALYZER_NUMBER_OBJECT_CONVERSION = YES_AGGRESSIVE;
				CLANG_CXX_LANGUAGE_STANDARD = "gnu++0x";
				CLANG_CXX_LIBRARY = "libc++";
				CLANG_ENABLE_MODULES = YES;
				CLANG_ENABLE_OBJC_ARC = YES;
				CLANG_WARN_BOOL_CONVERSION = YES;
				CLANG_WARN_CONSTANT_CONVERSION = YES;
				CLANG_WARN_DIRECT_OBJC_ISA_USAGE = YES_ERROR;
				CLANG_WARN_DOCUMENTATION_COMMENTS = YES;
				CLANG_WARN_EMPTY_BODY = YES;
				CLANG_WARN_ENUM_CONVERSION = YES;
				CLANG_WARN_INFINITE_RECURSION = YES;
				CLANG_WARN_INT_CONVERSION = YES;
				CLANG_WARN_OBJC_ROOT_CLASS = YES_ERROR;
				CLANG_WARN_SUSPICIOUS_MOVE = YES;
				CLANG_WARN_UNREACHABLE_CODE = YES;
				CLANG_WARN__DUPLICATE_METHOD_MATCH = YES;
				"CODE_SIGN_IDENTITY[sdk=iphoneos*]" = "iPhone Developer";
				COPY_PHASE_STRIP = NO;
				DEBUG_INFORMATION_FORMAT = dwarf;
				ENABLE_STRICT_OBJC_MSGSEND = YES;
				ENABLE_TESTABILITY = YES;
				GCC_C_LANGUAGE_STANDARD = gnu99;
				GCC_DYNAMIC_NO_PIC = NO;
				GCC_NO_COMMON_BLOCKS = YES;
				GCC_OPTIMIZATION_LEVEL = 0;
				GCC_PREPROCESSOR_DEFINITIONS = (
					"DEBUG=1",
					"$(inherited)",
				);
				GCC_WARN_64_TO_32_BIT_CONVERSION = YES;
				GCC_WARN_ABOUT_RETURN_TYPE = YES_ERROR;
				GCC_WARN_UNDECLARED_SELECTOR = YES;
				GCC_WARN_UNINITIALIZED_AUTOS = YES_AGGRESSIVE;
				GCC_WARN_UNUSED_FUNCTION = YES;
				GCC_WARN_UNUSED_VARIABLE = YES;
				IPHONEOS_DEPLOYMENT_TARGET = 10.3;
				MTL_ENABLE_DEBUG_INFO = YES;
				ONLY_ACTIVE_ARCH = YES;
				SDKROOT = iphoneos;
				SWIFT_ACTIVE_COMPILATION_CONDITIONS = DEBUG;
				SWIFT_OPTIMIZATION_LEVEL = "-Onone";
				TARGETED_DEVICE_FAMILY = "1,2";
			};
			name = Debug;
		};
		69B9AD111F27C3AE0080A8E2 /* Release */ = {
			isa = XCBuildConfiguration;
			buildSettings = {
				ALWAYS_SEARCH_USER_PATHS = NO;
				CLANG_ANALYZER_NONNULL = YES;
				CLANG_ANALYZER_NUMBER_OBJECT_CONVERSION = YES_AGGRESSIVE;
				CLANG_CXX_LANGUAGE_STANDARD = "gnu++0x";
				CLANG_CXX_LIBRARY = "libc++";
				CLANG_ENABLE_MODULES = YES;
				CLANG_ENABLE_OBJC_ARC = YES;
				CLANG_WARN_BOOL_CONVERSION = YES;
				CLANG_WARN_CONSTANT_CONVERSION = YES;
				CLANG_WARN_DIRECT_OBJC_ISA_USAGE = YES_ERROR;
				CLANG_WARN_DOCUMENTATION_COMMENTS = YES;
				CLANG_WARN_EMPTY_BODY = YES;
				CLANG_WARN_ENUM_CONVERSION = YES;
				CLANG_WARN_INFINITE_RECURSION = YES;
				CLANG_WARN_INT_CONVERSION = YES;
				CLANG_WARN_OBJC_ROOT_CLASS = YES_ERROR;
				CLANG_WARN_SUSPICIOUS_MOVE = YES;
				CLANG_WARN_UNREACHABLE_CODE = YES;
				CLANG_WARN__DUPLICATE_METHOD_MATCH = YES;
				"CODE_SIGN_IDENTITY[sdk=iphoneos*]" = "iPhone Developer";
				COPY_PHASE_STRIP = NO;
				DEBUG_INFORMATION_FORMAT = "dwarf-with-dsym";
				ENABLE_NS_ASSERTIONS = NO;
				ENABLE_STRICT_OBJC_MSGSEND = YES;
				GCC_C_LANGUAGE_STANDARD = gnu99;
				GCC_NO_COMMON_BLOCKS = YES;
				GCC_WARN_64_TO_32_BIT_CONVERSION = YES;
				GCC_WARN_ABOUT_RETURN_TYPE = YES_ERROR;
				GCC_WARN_UNDECLARED_SELECTOR = YES;
				GCC_WARN_UNINITIALIZED_AUTOS = YES_AGGRESSIVE;
				GCC_WARN_UNUSED_FUNCTION = YES;
				GCC_WARN_UNUSED_VARIABLE = YES;
				IPHONEOS_DEPLOYMENT_TARGET = 10.3;
				MTL_ENABLE_DEBUG_INFO = NO;
				SDKROOT = iphoneos;
				SWIFT_OPTIMIZATION_LEVEL = "-Owholemodule";
				TARGETED_DEVICE_FAMILY = "1,2";
				VALIDATE_PRODUCT = YES;
			};
			name = Release;
		};
		69B9AD131F27C3AE0080A8E2 /* Debug */ = {
			isa = XCBuildConfiguration;
			buildSettings = {
				ASSETCATALOG_COMPILER_APPICON_NAME = AppIcon;
				INFOPLIST_FILE = HamsterYears2/Info.plist;
				LD_RUNPATH_SEARCH_PATHS = "$(inherited) @executable_path/Frameworks";
				PRODUCT_BUNDLE_IDENTIFIER = com.ttompkins.HamsterYears2;
				PRODUCT_NAME = "$(TARGET_NAME)";
				SWIFT_VERSION = 3.0;
			};
			name = Debug;
		};
		69B9AD141F27C3AE0080A8E2 /* Release */ = {
			isa = XCBuildConfiguration;
			buildSettings = {
				ASSETCATALOG_COMPILER_APPICON_NAME = AppIcon;
				INFOPLIST_FILE = HamsterYears2/Info.plist;
				LD_RUNPATH_SEARCH_PATHS = "$(inherited) @executable_path/Frameworks";
				PRODUCT_BUNDLE_IDENTIFIER = com.ttompkins.HamsterYears2;
				PRODUCT_NAME = "$(TARGET_NAME)";
				SWIFT_VERSION = 3.0;
			};
			name = Release;
		};
/* End XCBuildConfiguration section */

/* Begin XCConfigurationList section */
		69B9ACFB1F27C3AE0080A8E2 /* Build configuration list for PBXProject "HamsterYears2" */ = {
			isa = XCConfigurationList;
			buildConfigurations = (
				69B9AD101F27C3AE0080A8E2 /* Debug */,
				69B9AD111F27C3AE0080A8E2 /* Release */,
			);
			defaultConfigurationIsVisible = 0;
			defaultConfigurationName = Release;
		};
		69B9AD121F27C3AE0080A8E2 /* Build configuration list for PBXNativeTarget "HamsterYears2" */ = {
			isa = XCConfigurationList;
			buildConfigurations = (
				69B9AD131F27C3AE0080A8E2 /* Debug */,
				69B9AD141F27C3AE0080A8E2 /* Release */,
			);
			defaultConfigurationIsVisible = 0;
		};
/* End XCConfigurationList section */
	};
	rootObject = 69B9ACF81F27C3AE0080A8E2 /* Project object */;
}
